{
  "name": "app-store-kw-rv-eng",
  "version": "1.0.0",
  "lockfileVersion": 3,
  "requires": true,
  "packages": {
    "": {
      "name": "app-store-kw-rv-eng",
      "version": "1.0.0",
      "license": "ISC",
      "dependencies": {
        "@anthropic-ai/sdk": "^0.55.0",
        "dotenv": "^17.0.0"
      }
    },
    "node_modules/@anthropic-ai/sdk": {
      "version": "0.55.0",
      "resolved": "https://registry.npmjs.org/@anthropic-ai/sdk/-/sdk-0.55.0.tgz",
      "integrity": "sha512-VdxPRWPoeeVQt0XUZ3cXfeLB65Skkoo1FS7JAkr8/C7Q8+wjV7k2RsVGmFXBq12VeHxua7MUtNqXx6k8hgoIVg==",
      "license": "MIT",
      "bin": {
        "anthropic-ai-sdk": "bin/cli"
      }
    },
    "node_modules/dotenv": {
      "version": "17.0.0",
      "resolved": "https://registry.npmjs.org/dotenv/-/dotenv-17.0.0.tgz",
      "integrity": "sha512-A0BJ5lrpJVSfnMMXjmeO0xUnoxqsBHWCoqqTnGwGYVdnctqXXUEhJOO7LxmgxJon9tEZFGpe0xPRX0h2v3AANQ==",
      "license": "BSD-2-Clause",
      "engines": {
        "node": ">=12"
      },
      "funding": {
        "url": "https://dotenvx.com"
      }
    }
  }
}
